# THIS IS AN AUTOGENERATED FILE. DO NOT EDIT THIS FILE DIRECTLY.
# yarn lockfile v1


"Konva@npm:konva@^4.0.0":
  version "4.2.2"
  resolved "https://registry.yarnpkg.com/konva/-/konva-4.2.2.tgz#0f1799dbe0275bb8218a03549ce931e9006a696d"
  integrity sha512-5vq/rKy35/gdMLipjcxgFz/LhJ/S8Ct/e1XntQmH1MSwN4rMP97Oera2PzxDh3DZPsrV6TETTKHNb1G7Jb6Z5A==

expr-eval@^2.0.0:
  version "2.0.2"
  resolved "https://registry.yarnpkg.com/expr-eval/-/expr-eval-2.0.2.tgz#fa6f044a7b0c93fde830954eb9c5b0f7fbc7e201"
  integrity sha512-4EMSHGOPSwAfBiibw3ndnP0AvjDWLsMvGOvWEZ2F96IGk0bIVdjQisOHxReSkE13mHcfbuCiXw+G4y0zv6N8Eg==
